// !$*UTF8*$!
{
	archiveVersion = 1;
	classes = {
	};
	objectVersion = 46;
	objects = {

/* Begin PBXBuildFile section */
		7C761EBF1D0C385F006AEA05 /* ResultListViewController.swift in Sources */ = {isa = PBXBuildFile; fileRef = 7C761EBE1D0C385F006AEA05 /* ResultListViewController.swift */; };
		7C761EC11D0C3888006AEA05 /* ResultListViewController.storyboard in Resources */ = {isa = PBXBuildFile; fileRef = 7C761EC01D0C3888006AEA05 /* ResultListViewController.storyboard */; };
		7C761EC31D0C38C5006AEA05 /* ResultListCustomCell.swift in Sources */ = {isa = PBXBuildFile; fileRef = 7C761EC21D0C38C5006AEA05 /* ResultListCustomCell.swift */; };
		7C761EC51D0C3901006AEA05 /* ResultListLink.swift in Sources */ = {isa = PBXBuildFile; fileRef = 7C761EC41D0C3901006AEA05 /* ResultListLink.swift */; };
		7C761ECF1D0C5106006AEA05 /* heart01.png in Resources */ = {isa = PBXBuildFile; fileRef = 7C761ECC1D0C5106006AEA05 /* heart01.png */; };
		7C761ED01D0C5106006AEA05 /* heart02.png in Resources */ = {isa = PBXBuildFile; fileRef = 7C761ECD1D0C5106006AEA05 /* heart02.png */; };
		7C761ED11D0C5106006AEA05 /* heart03.png in Resources */ = {isa = PBXBuildFile; fileRef = 7C761ECE1D0C5106006AEA05 /* heart03.png */; };
		7C761EDD1D0CF02C006AEA05 /* Nheart01.png in Resources */ = {isa = PBXBuildFile; fileRef = 7C761EDA1D0CF02C006AEA05 /* Nheart01.png */; };
		7C761EDE1D0CF02C006AEA05 /* Nheart02.png in Resources */ = {isa = PBXBuildFile; fileRef = 7C761EDB1D0CF02C006AEA05 /* Nheart02.png */; };
		7C761EDF1D0CF02C006AEA05 /* Nheart03.png in Resources */ = {isa = PBXBuildFile; fileRef = 7C761EDC1D0CF02C006AEA05 /* Nheart03.png */; };
		7C761EE11D0CF0F0006AEA05 /* Congratulations.png in Resources */ = {isa = PBXBuildFile; fileRef = 7C761EE01D0CF0F0006AEA05 /* Congratulations.png */; };
		7CC256A41D0BBB6B007E1720 /* AppDelegate.swift in Sources */ = {isa = PBXBuildFile; fileRef = 7CC256A31D0BBB6B007E1720 /* AppDelegate.swift */; };
		7CC256A61D0BBB6B007E1720 /* ViewController.swift in Sources */ = {isa = PBXBuildFile; fileRef = 7CC256A51D0BBB6B007E1720 /* ViewController.swift */; };
		7CC256A91D0BBB6B007E1720 /* TitleViewController.storyboard in Resources */ = {isa = PBXBuildFile; fileRef = 7CC256A71D0BBB6B007E1720 /* TitleViewController.storyboard */; };
		7CC256AB1D0BBB6B007E1720 /* Assets.xcassets in Resources */ = {isa = PBXBuildFile; fileRef = 7CC256AA1D0BBB6B007E1720 /* Assets.xcassets */; };
		7CC256AE1D0BBB6B007E1720 /* LaunchScreen.storyboard in Resources */ = {isa = PBXBuildFile; fileRef = 7CC256AC1D0BBB6B007E1720 /* LaunchScreen.storyboard */; };
		7CC256B91D0BBB6B007E1720 /* Nakajima_RenaiTests.swift in Sources */ = {isa = PBXBuildFile; fileRef = 7CC256B81D0BBB6B007E1720 /* Nakajima_RenaiTests.swift */; };
		7CC256C41D0BBB6B007E1720 /* Nakajima_RenaiUITests.swift in Sources */ = {isa = PBXBuildFile; fileRef = 7CC256C31D0BBB6B007E1720 /* Nakajima_RenaiUITests.swift */; };
		7CC256D31D0BC0A7007E1720 /* MenuViewController.storyboard in Resources */ = {isa = PBXBuildFile; fileRef = 7CC256D21D0BC0A7007E1720 /* MenuViewController.storyboard */; };
		7CC256D51D0BC0FA007E1720 /* ResultViewController.storyboard in Resources */ = {isa = PBXBuildFile; fileRef = 7CC256D41D0BC0FA007E1720 /* ResultViewController.storyboard */; };
		7CC256D71D0BC121007E1720 /* GroupViewController.storyboard in Resources */ = {isa = PBXBuildFile; fileRef = 7CC256D61D0BC121007E1720 /* GroupViewController.storyboard */; };
		7CC256D91D0BC14B007E1720 /* MissionListViewController.storyboard in Resources */ = {isa = PBXBuildFile; fileRef = 7CC256D81D0BC14B007E1720 /* MissionListViewController.storyboard */; };
		7CC256DD1D0BC16C007E1720 /* UserViewController.storyboard in Resources */ = {isa = PBXBuildFile; fileRef = 7CC256DC1D0BC16C007E1720 /* UserViewController.storyboard */; };
		7CC256DF1D0BC199007E1720 /* MissionDetailViewController.storyboard in Resources */ = {isa = PBXBuildFile; fileRef = 7CC256DE1D0BC199007E1720 /* MissionDetailViewController.storyboard */; };
		7CC256E11D0BC1B0007E1720 /* LoginViewController.storyboard in Resources */ = {isa = PBXBuildFile; fileRef = 7CC256E01D0BC1B0007E1720 /* LoginViewController.storyboard */; };
		9CF9720D1D0BEB3800BF1D0B /* MissionListViewController.swift in Sources */ = {isa = PBXBuildFile; fileRef = 9CF9720C1D0BEB3800BF1D0B /* MissionListViewController.swift */; };
		9CF9720F1D0BF13300BF1D0B /* MissionDetailViewController.swift in Sources */ = {isa = PBXBuildFile; fileRef = 9CF9720E1D0BF13300BF1D0B /* MissionDetailViewController.swift */; };
		9CF972251D0CDD9500BF1D0B /* center.jpg in Resources */ = {isa = PBXBuildFile; fileRef = 9CF972241D0CDD9500BF1D0B /* center.jpg */; };
		9CF972271D0CDD9800BF1D0B /* toufu.jpg in Resources */ = {isa = PBXBuildFile; fileRef = 9CF972261D0CDD9800BF1D0B /* toufu.jpg */; };
		9CF972291D0CDD9C00BF1D0B /* dance.jpg in Resources */ = {isa = PBXBuildFile; fileRef = 9CF972281D0CDD9C00BF1D0B /* dance.jpg */; };
		9CF9722B1D0CDDAF00BF1D0B /* sushi.jpg in Resources */ = {isa = PBXBuildFile; fileRef = 9CF9722A1D0CDDAF00BF1D0B /* sushi.jpg */; };
		B96DC2BE1D0D06F300F4557B /* GroupListCustomCell.swift in Sources */ = {isa = PBXBuildFile; fileRef = B96DC2BC1D0D06F300F4557B /* GroupListCustomCell.swift */; };
		B96DC2BF1D0D06F300F4557B /* GroupListLink.swift in Sources */ = {isa = PBXBuildFile; fileRef = B96DC2BD1D0D06F300F4557B /* GroupListLink.swift */; };
		B96DC2C11D0D070A00F4557B /* GroupViewController.swift in Sources */ = {isa = PBXBuildFile; fileRef = B96DC2C01D0D070A00F4557B /* GroupViewController.swift */; };
		F559F9DE1D0BD76900BE1396 /* MenuViewController.swift in Sources */ = {isa = PBXBuildFile; fileRef = F559F9DD1D0BD76900BE1396 /* MenuViewController.swift */; };
		F559F9E61D0BE9BE00BE1396 /* nakajima_button_favorite.png in Resources */ = {isa = PBXBuildFile; fileRef = F559F9E01D0BE9BE00BE1396 /* nakajima_button_favorite.png */; };
		F559F9E71D0BE9BE00BE1396 /* nakajima_button_group.png in Resources */ = {isa = PBXBuildFile; fileRef = F559F9E11D0BE9BE00BE1396 /* nakajima_button_group.png */; };
		F559F9E81D0BE9BE00BE1396 /* nakajima_button_mission.png in Resources */ = {isa = PBXBuildFile; fileRef = F559F9E21D0BE9BE00BE1396 /* nakajima_button_mission.png */; };
		F559F9E91D0BE9BE00BE1396 /* nakajima_button_result.png in Resources */ = {isa = PBXBuildFile; fileRef = F559F9E31D0BE9BE00BE1396 /* nakajima_button_result.png */; };
		F559F9EA1D0BE9BE00BE1396 /* nakajima_MenuBackImage.png in Resources */ = {isa = PBXBuildFile; fileRef = F559F9E41D0BE9BE00BE1396 /* nakajima_MenuBackImage.png */; };
		F559F9EB1D0BE9BE00BE1396 /* nakajima_TitleBackImage.png in Resources */ = {isa = PBXBuildFile; fileRef = F559F9E51D0BE9BE00BE1396 /* nakajima_TitleBackImage.png */; };
		F57582A91D0C20EF00B7C29A /* FavoriteViewController.storyboard in Resources */ = {isa = PBXBuildFile; fileRef = F57582A81D0C20EF00B7C29A /* FavoriteViewController.storyboard */; };
		F57582AD1D0C215E00B7C29A /* FavoriteCustomCell.swift in Sources */ = {isa = PBXBuildFile; fileRef = F57582AA1D0C215E00B7C29A /* FavoriteCustomCell.swift */; };
		F57582AE1D0C215E00B7C29A /* FavoriteViewController.swift in Sources */ = {isa = PBXBuildFile; fileRef = F57582AB1D0C215E00B7C29A /* FavoriteViewController.swift */; };
		F57582AF1D0C215E00B7C29A /* Link.swift in Sources */ = {isa = PBXBuildFile; fileRef = F57582AC1D0C215E00B7C29A /* Link.swift */; };
		F57582B11D0C2A1000B7C29A /* noImage.png in Resources */ = {isa = PBXBuildFile; fileRef = F57582B01D0C2A1000B7C29A /* noImage.png */; };
		F57582B31D0C2CED00B7C29A /* ResultViewController.swift in Sources */ = {isa = PBXBuildFile; fileRef = F57582B21D0C2CED00B7C29A /* ResultViewController.swift */; };
		F57582B71D0C2D3C00B7C29A /* UserViewController.swift in Sources */ = {isa = PBXBuildFile; fileRef = F57582B61D0C2D3C00B7C29A /* UserViewController.swift */; };
		F57582B91D0C2E3E00B7C29A /* LoginViewController.swift in Sources */ = {isa = PBXBuildFile; fileRef = F57582B81D0C2E3E00B7C29A /* LoginViewController.swift */; };
		F57583011D0C669600B7C29A /* heart_off.png in Resources */ = {isa = PBXBuildFile; fileRef = F57582FF1D0C669600B7C29A /* heart_off.png */; };
		F57583021D0C669600B7C29A /* heart_on.png in Resources */ = {isa = PBXBuildFile; fileRef = F57583001D0C669600B7C29A /* heart_on.png */; };
		F57583081D0C676200B7C29A /* kodai.png in Resources */ = {isa = PBXBuildFile; fileRef = F57583031D0C676200B7C29A /* kodai.png */; };
		F57583091D0C676200B7C29A /* kumagai.png in Resources */ = {isa = PBXBuildFile; fileRef = F57583041D0C676200B7C29A /* kumagai.png */; };
		F575830A1D0C676200B7C29A /* morosan.png in Resources */ = {isa = PBXBuildFile; fileRef = F57583051D0C676200B7C29A /* morosan.png */; };
		F575830B1D0C676200B7C29A /* singo.png in Resources */ = {isa = PBXBuildFile; fileRef = F57583061D0C676200B7C29A /* singo.png */; };
		F575830C1D0C676200B7C29A /* yohei.png in Resources */ = {isa = PBXBuildFile; fileRef = F57583071D0C676200B7C29A /* yohei.png */; };
		F57DC77F1D0D134A00CEBEBF /* kodai_d.png in Resources */ = {isa = PBXBuildFile; fileRef = F57DC77A1D0D134A00CEBEBF /* kodai_d.png */; };
		F57DC7801D0D134A00CEBEBF /* kumagai_d.png in Resources */ = {isa = PBXBuildFile; fileRef = F57DC77B1D0D134A00CEBEBF /* kumagai_d.png */; };
		F57DC7811D0D134A00CEBEBF /* morosan_d.png in Resources */ = {isa = PBXBuildFile; fileRef = F57DC77C1D0D134A00CEBEBF /* morosan_d.png */; };
		F57DC7821D0D134A00CEBEBF /* singo_d.png in Resources */ = {isa = PBXBuildFile; fileRef = F57DC77D1D0D134A00CEBEBF /* singo_d.png */; };
		F57DC7831D0D134A00CEBEBF /* yohei_d.png in Resources */ = {isa = PBXBuildFile; fileRef = F57DC77E1D0D134A00CEBEBF /* yohei_d.png */; };
		F57DC7851D0D16A200CEBEBF /* Failed.png in Resources */ = {isa = PBXBuildFile; fileRef = F57DC7841D0D16A200CEBEBF /* Failed.png */; };
/* End PBXBuildFile section */

/* Begin PBXContainerItemProxy section */
		7CC256B51D0BBB6B007E1720 /* PBXContainerItemProxy */ = {
			isa = PBXContainerItemProxy;
			containerPortal = 7CC256981D0BBB6B007E1720 /* Project object */;
			proxyType = 1;
			remoteGlobalIDString = 7CC2569F1D0BBB6B007E1720;
			remoteInfo = "Nakajima-Renai";
		};
		7CC256C01D0BBB6B007E1720 /* PBXContainerItemProxy */ = {
			isa = PBXContainerItemProxy;
			containerPortal = 7CC256981D0BBB6B007E1720 /* Project object */;
			proxyType = 1;
			remoteGlobalIDString = 7CC2569F1D0BBB6B007E1720;
			remoteInfo = "Nakajima-Renai";
		};
/* End PBXContainerItemProxy section */

/* Begin PBXFileReference section */
		7C761EBE1D0C385F006AEA05 /* ResultListViewController.swift */ = {isa = PBXFileReference; fileEncoding = 4; lastKnownFileType = sourcecode.swift; path = ResultListViewController.swift; sourceTree = "<group>"; };
		7C761EC01D0C3888006AEA05 /* ResultListViewController.storyboard */ = {isa = PBXFileReference; fileEncoding = 4; lastKnownFileType = file.storyboard; path = ResultListViewController.storyboard; sourceTree = "<group>"; };
		7C761EC21D0C38C5006AEA05 /* ResultListCustomCell.swift */ = {isa = PBXFileReference; fileEncoding = 4; lastKnownFileType = sourcecode.swift; path = ResultListCustomCell.swift; sourceTree = "<group>"; };
		7C761EC41D0C3901006AEA05 /* ResultListLink.swift */ = {isa = PBXFileReference; fileEncoding = 4; lastKnownFileType = sourcecode.swift; path = ResultListLink.swift; sourceTree = "<group>"; };
		7C761ECC1D0C5106006AEA05 /* heart01.png */ = {isa = PBXFileReference; lastKnownFileType = image.png; path = heart01.png; sourceTree = "<group>"; };
		7C761ECD1D0C5106006AEA05 /* heart02.png */ = {isa = PBXFileReference; lastKnownFileType = image.png; path = heart02.png; sourceTree = "<group>"; };
		7C761ECE1D0C5106006AEA05 /* heart03.png */ = {isa = PBXFileReference; lastKnownFileType = image.png; path = heart03.png; sourceTree = "<group>"; };
		7C761EDA1D0CF02C006AEA05 /* Nheart01.png */ = {isa = PBXFileReference; lastKnownFileType = image.png; path = Nheart01.png; sourceTree = "<group>"; };
		7C761EDB1D0CF02C006AEA05 /* Nheart02.png */ = {isa = PBXFileReference; lastKnownFileType = image.png; path = Nheart02.png; sourceTree = "<group>"; };
		7C761EDC1D0CF02C006AEA05 /* Nheart03.png */ = {isa = PBXFileReference; lastKnownFileType = image.png; path = Nheart03.png; sourceTree = "<group>"; };
		7C761EE01D0CF0F0006AEA05 /* Congratulations.png */ = {isa = PBXFileReference; lastKnownFileType = image.png; path = Congratulations.png; sourceTree = "<group>"; };
		7CC256A01D0BBB6B007E1720 /* Nakajima-Renai.app */ = {isa = PBXFileReference; explicitFileType = wrapper.application; includeInIndex = 0; path = "Nakajima-Renai.app"; sourceTree = BUILT_PRODUCTS_DIR; };
		7CC256A31D0BBB6B007E1720 /* AppDelegate.swift */ = {isa = PBXFileReference; lastKnownFileType = sourcecode.swift; path = AppDelegate.swift; sourceTree = "<group>"; };
		7CC256A51D0BBB6B007E1720 /* ViewController.swift */ = {isa = PBXFileReference; lastKnownFileType = sourcecode.swift; path = ViewController.swift; sourceTree = "<group>"; };
		7CC256A81D0BBB6B007E1720 /* Base */ = {isa = PBXFileReference; lastKnownFileType = file.storyboard; name = Base; path = Base.lproj/TitleViewController.storyboard; sourceTree = "<group>"; };
		7CC256AA1D0BBB6B007E1720 /* Assets.xcassets */ = {isa = PBXFileReference; lastKnownFileType = folder.assetcatalog; path = Assets.xcassets; sourceTree = "<group>"; };
		7CC256AD1D0BBB6B007E1720 /* Base */ = {isa = PBXFileReference; lastKnownFileType = file.storyboard; name = Base; path = Base.lproj/LaunchScreen.storyboard; sourceTree = "<group>"; };
		7CC256AF1D0BBB6B007E1720 /* Info.plist */ = {isa = PBXFileReference; lastKnownFileType = text.plist.xml; path = Info.plist; sourceTree = "<group>"; };
		7CC256B41D0BBB6B007E1720 /* Nakajima-RenaiTests.xctest */ = {isa = PBXFileReference; explicitFileType = wrapper.cfbundle; includeInIndex = 0; path = "Nakajima-RenaiTests.xctest"; sourceTree = BUILT_PRODUCTS_DIR; };
		7CC256B81D0BBB6B007E1720 /* Nakajima_RenaiTests.swift */ = {isa = PBXFileReference; lastKnownFileType = sourcecode.swift; path = Nakajima_RenaiTests.swift; sourceTree = "<group>"; };
		7CC256BA1D0BBB6B007E1720 /* Info.plist */ = {isa = PBXFileReference; lastKnownFileType = text.plist.xml; path = Info.plist; sourceTree = "<group>"; };
		7CC256BF1D0BBB6B007E1720 /* Nakajima-RenaiUITests.xctest */ = {isa = PBXFileReference; explicitFileType = wrapper.cfbundle; includeInIndex = 0; path = "Nakajima-RenaiUITests.xctest"; sourceTree = BUILT_PRODUCTS_DIR; };
		7CC256C31D0BBB6B007E1720 /* Nakajima_RenaiUITests.swift */ = {isa = PBXFileReference; lastKnownFileType = sourcecode.swift; path = Nakajima_RenaiUITests.swift; sourceTree = "<group>"; };
		7CC256C51D0BBB6B007E1720 /* Info.plist */ = {isa = PBXFileReference; lastKnownFileType = text.plist.xml; path = Info.plist; sourceTree = "<group>"; };
		7CC256D21D0BC0A7007E1720 /* MenuViewController.storyboard */ = {isa = PBXFileReference; fileEncoding = 4; lastKnownFileType = file.storyboard; path = MenuViewController.storyboard; sourceTree = "<group>"; };
		7CC256D41D0BC0FA007E1720 /* ResultViewController.storyboard */ = {isa = PBXFileReference; fileEncoding = 4; lastKnownFileType = file.storyboard; path = ResultViewController.storyboard; sourceTree = "<group>"; };
		7CC256D61D0BC121007E1720 /* GroupViewController.storyboard */ = {isa = PBXFileReference; fileEncoding = 4; lastKnownFileType = file.storyboard; path = GroupViewController.storyboard; sourceTree = "<group>"; };
		7CC256D81D0BC14B007E1720 /* MissionListViewController.storyboard */ = {isa = PBXFileReference; fileEncoding = 4; lastKnownFileType = file.storyboard; path = MissionListViewController.storyboard; sourceTree = "<group>"; };
		7CC256DC1D0BC16C007E1720 /* UserViewController.storyboard */ = {isa = PBXFileReference; fileEncoding = 4; lastKnownFileType = file.storyboard; path = UserViewController.storyboard; sourceTree = "<group>"; };
		7CC256DE1D0BC199007E1720 /* MissionDetailViewController.storyboard */ = {isa = PBXFileReference; fileEncoding = 4; lastKnownFileType = file.storyboard; path = MissionDetailViewController.storyboard; sourceTree = "<group>"; };
		7CC256E01D0BC1B0007E1720 /* LoginViewController.storyboard */ = {isa = PBXFileReference; fileEncoding = 4; lastKnownFileType = file.storyboard; path = LoginViewController.storyboard; sourceTree = "<group>"; };
		9CF9720C1D0BEB3800BF1D0B /* MissionListViewController.swift */ = {isa = PBXFileReference; fileEncoding = 4; lastKnownFileType = sourcecode.swift; path = MissionListViewController.swift; sourceTree = "<group>"; };
		9CF9720E1D0BF13300BF1D0B /* MissionDetailViewController.swift */ = {isa = PBXFileReference; fileEncoding = 4; lastKnownFileType = sourcecode.swift; path = MissionDetailViewController.swift; sourceTree = "<group>"; };
		9CF972241D0CDD9500BF1D0B /* center.jpg */ = {isa = PBXFileReference; lastKnownFileType = image.jpeg; path = center.jpg; sourceTree = "<group>"; };
		9CF972261D0CDD9800BF1D0B /* toufu.jpg */ = {isa = PBXFileReference; lastKnownFileType = image.jpeg; path = toufu.jpg; sourceTree = "<group>"; };
		9CF972281D0CDD9C00BF1D0B /* dance.jpg */ = {isa = PBXFileReference; lastKnownFileType = image.jpeg; path = dance.jpg; sourceTree = "<group>"; };
		9CF9722A1D0CDDAF00BF1D0B /* sushi.jpg */ = {isa = PBXFileReference; lastKnownFileType = image.jpeg; path = sushi.jpg; sourceTree = "<group>"; };
		B96DC2BC1D0D06F300F4557B /* GroupListCustomCell.swift */ = {isa = PBXFileReference; fileEncoding = 4; lastKnownFileType = sourcecode.swift; path = GroupListCustomCell.swift; sourceTree = "<group>"; };
		B96DC2BD1D0D06F300F4557B /* GroupListLink.swift */ = {isa = PBXFileReference; fileEncoding = 4; lastKnownFileType = sourcecode.swift; path = GroupListLink.swift; sourceTree = "<group>"; };
		B96DC2C01D0D070A00F4557B /* GroupViewController.swift */ = {isa = PBXFileReference; fileEncoding = 4; lastKnownFileType = sourcecode.swift; path = GroupViewController.swift; sourceTree = "<group>"; };
		F559F9DD1D0BD76900BE1396 /* MenuViewController.swift */ = {isa = PBXFileReference; fileEncoding = 4; lastKnownFileType = sourcecode.swift; path = MenuViewController.swift; sourceTree = "<group>"; };
		F559F9E01D0BE9BE00BE1396 /* nakajima_button_favorite.png */ = {isa = PBXFileReference; lastKnownFileType = image.png; path = nakajima_button_favorite.png; sourceTree = "<group>"; };
		F559F9E11D0BE9BE00BE1396 /* nakajima_button_group.png */ = {isa = PBXFileReference; lastKnownFileType = image.png; path = nakajima_button_group.png; sourceTree = "<group>"; };
		F559F9E21D0BE9BE00BE1396 /* nakajima_button_mission.png */ = {isa = PBXFileReference; lastKnownFileType = image.png; path = nakajima_button_mission.png; sourceTree = "<group>"; };
		F559F9E31D0BE9BE00BE1396 /* nakajima_button_result.png */ = {isa = PBXFileReference; lastKnownFileType = image.png; path = nakajima_button_result.png; sourceTree = "<group>"; };
		F559F9E41D0BE9BE00BE1396 /* nakajima_MenuBackImage.png */ = {isa = PBXFileReference; lastKnownFileType = image.png; path = nakajima_MenuBackImage.png; sourceTree = "<group>"; };
		F559F9E51D0BE9BE00BE1396 /* nakajima_TitleBackImage.png */ = {isa = PBXFileReference; lastKnownFileType = image.png; path = nakajima_TitleBackImage.png; sourceTree = "<group>"; };
		F57582A81D0C20EF00B7C29A /* FavoriteViewController.storyboard */ = {isa = PBXFileReference; fileEncoding = 4; lastKnownFileType = file.storyboard; path = FavoriteViewController.storyboard; sourceTree = "<group>"; };
		F57582AA1D0C215E00B7C29A /* FavoriteCustomCell.swift */ = {isa = PBXFileReference; fileEncoding = 4; lastKnownFileType = sourcecode.swift; path = FavoriteCustomCell.swift; sourceTree = "<group>"; };
		F57582AB1D0C215E00B7C29A /* FavoriteViewController.swift */ = {isa = PBXFileReference; fileEncoding = 4; lastKnownFileType = sourcecode.swift; path = FavoriteViewController.swift; sourceTree = "<group>"; };
		F57582AC1D0C215E00B7C29A /* Link.swift */ = {isa = PBXFileReference; fileEncoding = 4; lastKnownFileType = sourcecode.swift; path = Link.swift; sourceTree = "<group>"; };
		F57582B01D0C2A1000B7C29A /* noImage.png */ = {isa = PBXFileReference; lastKnownFileType = image.png; path = noImage.png; sourceTree = "<group>"; };
		F57582B21D0C2CED00B7C29A /* ResultViewController.swift */ = {isa = PBXFileReference; fileEncoding = 4; lastKnownFileType = sourcecode.swift; path = ResultViewController.swift; sourceTree = "<group>"; };
		F57582B61D0C2D3C00B7C29A /* UserViewController.swift */ = {isa = PBXFileReference; fileEncoding = 4; lastKnownFileType = sourcecode.swift; path = UserViewController.swift; sourceTree = "<group>"; };
		F57582B81D0C2E3E00B7C29A /* LoginViewController.swift */ = {isa = PBXFileReference; fileEncoding = 4; lastKnownFileType = sourcecode.swift; path = LoginViewController.swift; sourceTree = "<group>"; };
		F57582FF1D0C669600B7C29A /* heart_off.png */ = {isa = PBXFileReference; lastKnownFileType = image.png; path = heart_off.png; sourceTree = "<group>"; };
		F57583001D0C669600B7C29A /* heart_on.png */ = {isa = PBXFileReference; lastKnownFileType = image.png; path = heart_on.png; sourceTree = "<group>"; };
		F57583031D0C676200B7C29A /* kodai.png */ = {isa = PBXFileReference; lastKnownFileType = image.png; path = kodai.png; sourceTree = "<group>"; };
		F57583041D0C676200B7C29A /* kumagai.png */ = {isa = PBXFileReference; lastKnownFileType = image.png; path = kumagai.png; sourceTree = "<group>"; };
		F57583051D0C676200B7C29A /* morosan.png */ = {isa = PBXFileReference; lastKnownFileType = image.png; path = morosan.png; sourceTree = "<group>"; };
		F57583061D0C676200B7C29A /* singo.png */ = {isa = PBXFileReference; lastKnownFileType = image.png; path = singo.png; sourceTree = "<group>"; };
		F57583071D0C676200B7C29A /* yohei.png */ = {isa = PBXFileReference; lastKnownFileType = image.png; path = yohei.png; sourceTree = "<group>"; };
		F57DC77A1D0D134A00CEBEBF /* kodai_d.png */ = {isa = PBXFileReference; lastKnownFileType = image.png; path = kodai_d.png; sourceTree = "<group>"; };
		F57DC77B1D0D134A00CEBEBF /* kumagai_d.png */ = {isa = PBXFileReference; lastKnownFileType = image.png; path = kumagai_d.png; sourceTree = "<group>"; };
		F57DC77C1D0D134A00CEBEBF /* morosan_d.png */ = {isa = PBXFileReference; lastKnownFileType = image.png; path = morosan_d.png; sourceTree = "<group>"; };
		F57DC77D1D0D134A00CEBEBF /* singo_d.png */ = {isa = PBXFileReference; lastKnownFileType = image.png; path = singo_d.png; sourceTree = "<group>"; };
		F57DC77E1D0D134A00CEBEBF /* yohei_d.png */ = {isa = PBXFileReference; lastKnownFileType = image.png; path = yohei_d.png; sourceTree = "<group>"; };
		F57DC7841D0D16A200CEBEBF /* Failed.png */ = {isa = PBXFileReference; lastKnownFileType = image.png; path = Failed.png; sourceTree = "<group>"; };
/* End PBXFileReference section */

/* Begin PBXFrameworksBuildPhase section */
		7CC2569D1D0BBB6B007E1720 /* Frameworks */ = {
			isa = PBXFrameworksBuildPhase;
			buildActionMask = 2147483647;
			files = (
			);
			runOnlyForDeploymentPostprocessing = 0;
		};
		7CC256B11D0BBB6B007E1720 /* Frameworks */ = {
			isa = PBXFrameworksBuildPhase;
			buildActionMask = 2147483647;
			files = (
			);
			runOnlyForDeploymentPostprocessing = 0;
		};
		7CC256BC1D0BBB6B007E1720 /* Frameworks */ = {
			isa = PBXFrameworksBuildPhase;
			buildActionMask = 2147483647;
			files = (
			);
			runOnlyForDeploymentPostprocessing = 0;
		};
/* End PBXFrameworksBuildPhase section */

/* Begin PBXGroup section */
		7CC256971D0BBB6B007E1720 = {
			isa = PBXGroup;
			children = (
				7CC256D11D0BBFD4007E1720 /* storyboard */,
				F559F9DF1D0BE94400BE1396 /* Images */,
				7CC256A21D0BBB6B007E1720 /* Nakajima-Renai */,
				7CC256B71D0BBB6B007E1720 /* Nakajima-RenaiTests */,
				7CC256C21D0BBB6B007E1720 /* Nakajima-RenaiUITests */,
				7CC256A11D0BBB6B007E1720 /* Products */,
			);
			sourceTree = "<group>";
		};
		7CC256A11D0BBB6B007E1720 /* Products */ = {
			isa = PBXGroup;
			children = (
				7CC256A01D0BBB6B007E1720 /* Nakajima-Renai.app */,
				7CC256B41D0BBB6B007E1720 /* Nakajima-RenaiTests.xctest */,
				7CC256BF1D0BBB6B007E1720 /* Nakajima-RenaiUITests.xctest */,
			);
			name = Products;
			sourceTree = "<group>";
		};
		7CC256A21D0BBB6B007E1720 /* Nakajima-Renai */ = {
			isa = PBXGroup;
			children = (
				7CC256A31D0BBB6B007E1720 /* AppDelegate.swift */,
				7CC256A51D0BBB6B007E1720 /* ViewController.swift */,
				F559F9DD1D0BD76900BE1396 /* MenuViewController.swift */,
				9CF9720C1D0BEB3800BF1D0B /* MissionListViewController.swift */,
				9CF9720E1D0BF13300BF1D0B /* MissionDetailViewController.swift */,
				F57582AA1D0C215E00B7C29A /* FavoriteCustomCell.swift */,
				F57582AB1D0C215E00B7C29A /* FavoriteViewController.swift */,
				F57582AC1D0C215E00B7C29A /* Link.swift */,
				F57582B21D0C2CED00B7C29A /* ResultViewController.swift */,
				B96DC2C01D0D070A00F4557B /* GroupViewController.swift */,
				B96DC2BC1D0D06F300F4557B /* GroupListCustomCell.swift */,
				B96DC2BD1D0D06F300F4557B /* GroupListLink.swift */,
				F57582B61D0C2D3C00B7C29A /* UserViewController.swift */,
				F57582B81D0C2E3E00B7C29A /* LoginViewController.swift */,
				7CC256AA1D0BBB6B007E1720 /* Assets.xcassets */,
				7CC256AC1D0BBB6B007E1720 /* LaunchScreen.storyboard */,
				7CC256AF1D0BBB6B007E1720 /* Info.plist */,
				7C761EBE1D0C385F006AEA05 /* ResultListViewController.swift */,
				7C761EC21D0C38C5006AEA05 /* ResultListCustomCell.swift */,
				7C761EC41D0C3901006AEA05 /* ResultListLink.swift */,
			);
			path = "Nakajima-Renai";
			sourceTree = "<group>";
		};
		7CC256B71D0BBB6B007E1720 /* Nakajima-RenaiTests */ = {
			isa = PBXGroup;
			children = (
				7CC256B81D0BBB6B007E1720 /* Nakajima_RenaiTests.swift */,
				7CC256BA1D0BBB6B007E1720 /* Info.plist */,
			);
			path = "Nakajima-RenaiTests";
			sourceTree = "<group>";
		};
		7CC256C21D0BBB6B007E1720 /* Nakajima-RenaiUITests */ = {
			isa = PBXGroup;
			children = (
				7CC256C31D0BBB6B007E1720 /* Nakajima_RenaiUITests.swift */,
				7CC256C51D0BBB6B007E1720 /* Info.plist */,
			);
			path = "Nakajima-RenaiUITests";
			sourceTree = "<group>";
		};
		7CC256D11D0BBFD4007E1720 /* storyboard */ = {
			isa = PBXGroup;
			children = (
				7CC256A71D0BBB6B007E1720 /* TitleViewController.storyboard */,
				7CC256D21D0BC0A7007E1720 /* MenuViewController.storyboard */,
				7CC256D41D0BC0FA007E1720 /* ResultViewController.storyboard */,
				7CC256D61D0BC121007E1720 /* GroupViewController.storyboard */,
				7CC256D81D0BC14B007E1720 /* MissionListViewController.storyboard */,
				F57582A81D0C20EF00B7C29A /* FavoriteViewController.storyboard */,
				7CC256DC1D0BC16C007E1720 /* UserViewController.storyboard */,
				7CC256DE1D0BC199007E1720 /* MissionDetailViewController.storyboard */,
				7CC256E01D0BC1B0007E1720 /* LoginViewController.storyboard */,
				7C761EC01D0C3888006AEA05 /* ResultListViewController.storyboard */,
			);
			name = storyboard;
			sourceTree = "<group>";
		};
		F559F9DF1D0BE94400BE1396 /* Images */ = {
			isa = PBXGroup;
			children = (
				9CF972241D0CDD9500BF1D0B /* center.jpg */,
				9CF9722A1D0CDDAF00BF1D0B /* sushi.jpg */,
				9CF972261D0CDD9800BF1D0B /* toufu.jpg */,
				9CF972281D0CDD9C00BF1D0B /* dance.jpg */,
				F57582B01D0C2A1000B7C29A /* noImage.png */,
				F559F9E01D0BE9BE00BE1396 /* nakajima_button_favorite.png */,
				F559F9E11D0BE9BE00BE1396 /* nakajima_button_group.png */,
				F559F9E21D0BE9BE00BE1396 /* nakajima_button_mission.png */,
				F559F9E31D0BE9BE00BE1396 /* nakajima_button_result.png */,
				F559F9E41D0BE9BE00BE1396 /* nakajima_MenuBackImage.png */,
				F559F9E51D0BE9BE00BE1396 /* nakajima_TitleBackImage.png */,
				7C761ECC1D0C5106006AEA05 /* heart01.png */,
				7C761ECD1D0C5106006AEA05 /* heart02.png */,
				7C761ECE1D0C5106006AEA05 /* heart03.png */,
				7C761EDA1D0CF02C006AEA05 /* Nheart01.png */,
				7C761EDB1D0CF02C006AEA05 /* Nheart02.png */,
				7C761EDC1D0CF02C006AEA05 /* Nheart03.png */,
				7C761EE01D0CF0F0006AEA05 /* Congratulations.png */,
				F57582FF1D0C669600B7C29A /* heart_off.png */,
				F57583001D0C669600B7C29A /* heart_on.png */,
				F57583031D0C676200B7C29A /* kodai.png */,
				F57583041D0C676200B7C29A /* kumagai.png */,
				F57583051D0C676200B7C29A /* morosan.png */,
				F57583061D0C676200B7C29A /* singo.png */,
				F57583071D0C676200B7C29A /* yohei.png */,
				F57DC77A1D0D134A00CEBEBF /* kodai_d.png */,
				F57DC77B1D0D134A00CEBEBF /* kumagai_d.png */,
				F57DC77C1D0D134A00CEBEBF /* morosan_d.png */,
				F57DC77D1D0D134A00CEBEBF /* singo_d.png */,
				F57DC77E1D0D134A00CEBEBF /* yohei_d.png */,
				F57DC7841D0D16A200CEBEBF /* Failed.png */,
			);
			name = Images;
			sourceTree = "<group>";
		};
/* End PBXGroup section */

/* Begin PBXNativeTarget section */
		7CC2569F1D0BBB6B007E1720 /* Nakajima-Renai */ = {
			isa = PBXNativeTarget;
			buildConfigurationList = 7CC256C81D0BBB6B007E1720 /* Build configuration list for PBXNativeTarget "Nakajima-Renai" */;
			buildPhases = (
				7CC2569C1D0BBB6B007E1720 /* Sources */,
				7CC2569D1D0BBB6B007E1720 /* Frameworks */,
				7CC2569E1D0BBB6B007E1720 /* Resources */,
			);
			buildRules = (
			);
			dependencies = (
			);
			name = "Nakajima-Renai";
			productName = "Nakajima-Renai";
			productReference = 7CC256A01D0BBB6B007E1720 /* Nakajima-Renai.app */;
			productType = "com.apple.product-type.application";
		};
		7CC256B31D0BBB6B007E1720 /* Nakajima-RenaiTests */ = {
			isa = PBXNativeTarget;
			buildConfigurationList = 7CC256CB1D0BBB6B007E1720 /* Build configuration list for PBXNativeTarget "Nakajima-RenaiTests" */;
			buildPhases = (
				7CC256B01D0BBB6B007E1720 /* Sources */,
				7CC256B11D0BBB6B007E1720 /* Frameworks */,
				7CC256B21D0BBB6B007E1720 /* Resources */,
			);
			buildRules = (
			);
			dependencies = (
				7CC256B61D0BBB6B007E1720 /* PBXTargetDependency */,
			);
			name = "Nakajima-RenaiTests";
			productName = "Nakajima-RenaiTests";
			productReference = 7CC256B41D0BBB6B007E1720 /* Nakajima-RenaiTests.xctest */;
			productType = "com.apple.product-type.bundle.unit-test";
		};
		7CC256BE1D0BBB6B007E1720 /* Nakajima-RenaiUITests */ = {
			isa = PBXNativeTarget;
			buildConfigurationList = 7CC256CE1D0BBB6B007E1720 /* Build configuration list for PBXNativeTarget "Nakajima-RenaiUITests" */;
			buildPhases = (
				7CC256BB1D0BBB6B007E1720 /* Sources */,
				7CC256BC1D0BBB6B007E1720 /* Frameworks */,
				7CC256BD1D0BBB6B007E1720 /* Resources */,
			);
			buildRules = (
			);
			dependencies = (
				7CC256C11D0BBB6B007E1720 /* PBXTargetDependency */,
			);
			name = "Nakajima-RenaiUITests";
			productName = "Nakajima-RenaiUITests";
			productReference = 7CC256BF1D0BBB6B007E1720 /* Nakajima-RenaiUITests.xctest */;
			productType = "com.apple.product-type.bundle.ui-testing";
		};
/* End PBXNativeTarget section */

/* Begin PBXProject section */
		7CC256981D0BBB6B007E1720 /* Project object */ = {
			isa = PBXProject;
			attributes = {
				LastSwiftUpdateCheck = 0720;
				LastUpgradeCheck = 0720;
				ORGANIZATIONNAME = "Let'sGoShinGo";
				TargetAttributes = {
					7CC2569F1D0BBB6B007E1720 = {
						CreatedOnToolsVersion = 7.2.1;
						DevelopmentTeam = NR9AV5HS93;
					};
					7CC256B31D0BBB6B007E1720 = {
						CreatedOnToolsVersion = 7.2.1;
						TestTargetID = 7CC2569F1D0BBB6B007E1720;
					};
					7CC256BE1D0BBB6B007E1720 = {
						CreatedOnToolsVersion = 7.2.1;
						TestTargetID = 7CC2569F1D0BBB6B007E1720;
					};
				};
			};
			buildConfigurationList = 7CC2569B1D0BBB6B007E1720 /* Build configuration list for PBXProject "Nakajima-Renai" */;
			compatibilityVersion = "Xcode 3.2";
			developmentRegion = English;
			hasScannedForEncodings = 0;
			knownRegions = (
				en,
				Base,
			);
			mainGroup = 7CC256971D0BBB6B007E1720;
			productRefGroup = 7CC256A11D0BBB6B007E1720 /* Products */;
			projectDirPath = "";
			projectRoot = "";
			targets = (
				7CC2569F1D0BBB6B007E1720 /* Nakajima-Renai */,
				7CC256B31D0BBB6B007E1720 /* Nakajima-RenaiTests */,
				7CC256BE1D0BBB6B007E1720 /* Nakajima-RenaiUITests */,
			);
		};
/* End PBXProject section */

/* Begin PBXResourcesBuildPhase section */
		7CC2569E1D0BBB6B007E1720 /* Resources */ = {
			isa = PBXResourcesBuildPhase;
			buildActionMask = 2147483647;
			files = (
				7C761EDE1D0CF02C006AEA05 /* Nheart02.png in Resources */,
				9CF972291D0CDD9C00BF1D0B /* dance.jpg in Resources */,
				F57DC7811D0D134A00CEBEBF /* morosan_d.png in Resources */,
				7C761ED01D0C5106006AEA05 /* heart02.png in Resources */,
				7CC256D91D0BC14B007E1720 /* MissionListViewController.storyboard in Resources */,
				F559F9EA1D0BE9BE00BE1396 /* nakajima_MenuBackImage.png in Resources */,
				F559F9E61D0BE9BE00BE1396 /* nakajima_button_favorite.png in Resources */,
				7CC256AE1D0BBB6B007E1720 /* LaunchScreen.storyboard in Resources */,
				F57583081D0C676200B7C29A /* kodai.png in Resources */,
				7C761EE11D0CF0F0006AEA05 /* Congratulations.png in Resources */,
				F575830A1D0C676200B7C29A /* morosan.png in Resources */,
				7C761EDD1D0CF02C006AEA05 /* Nheart01.png in Resources */,
				7C761ED11D0C5106006AEA05 /* heart03.png in Resources */,
				F575830C1D0C676200B7C29A /* yohei.png in Resources */,
				7CC256D31D0BC0A7007E1720 /* MenuViewController.storyboard in Resources */,
				F559F9EB1D0BE9BE00BE1396 /* nakajima_TitleBackImage.png in Resources */,
				7CC256DF1D0BC199007E1720 /* MissionDetailViewController.storyboard in Resources */,
				F57DC7851D0D16A200CEBEBF /* Failed.png in Resources */,
				9CF972251D0CDD9500BF1D0B /* center.jpg in Resources */,
				F57582A91D0C20EF00B7C29A /* FavoriteViewController.storyboard in Resources */,
				9CF972271D0CDD9800BF1D0B /* toufu.jpg in Resources */,
				F57582B11D0C2A1000B7C29A /* noImage.png in Resources */,
				9CF9722B1D0CDDAF00BF1D0B /* sushi.jpg in Resources */,
				7CC256AB1D0BBB6B007E1720 /* Assets.xcassets in Resources */,
				F559F9E81D0BE9BE00BE1396 /* nakajima_button_mission.png in Resources */,
				7C761ECF1D0C5106006AEA05 /* heart01.png in Resources */,
				F559F9E71D0BE9BE00BE1396 /* nakajima_button_group.png in Resources */,
				F57583021D0C669600B7C29A /* heart_on.png in Resources */,
				F57583091D0C676200B7C29A /* kumagai.png in Resources */,
				7CC256D71D0BC121007E1720 /* GroupViewController.storyboard in Resources */,
				F57583011D0C669600B7C29A /* heart_off.png in Resources */,
				F559F9E91D0BE9BE00BE1396 /* nakajima_button_result.png in Resources */,
				7CC256E11D0BC1B0007E1720 /* LoginViewController.storyboard in Resources */,
				7CC256D51D0BC0FA007E1720 /* ResultViewController.storyboard in Resources */,
				F575830B1D0C676200B7C29A /* singo.png in Resources */,
				7C761EDF1D0CF02C006AEA05 /* Nheart03.png in Resources */,
				7CC256DD1D0BC16C007E1720 /* UserViewController.storyboard in Resources */,
				F57DC77F1D0D134A00CEBEBF /* kodai_d.png in Resources */,
				F57DC7821D0D134A00CEBEBF /* singo_d.png in Resources */,
				7C761EC11D0C3888006AEA05 /* ResultListViewController.storyboard in Resources */,
				7CC256A91D0BBB6B007E1720 /* TitleViewController.storyboard in Resources */,
				F57DC7801D0D134A00CEBEBF /* kumagai_d.png in Resources */,
				F57DC7831D0D134A00CEBEBF /* yohei_d.png in Resources */,
			);
			runOnlyForDeploymentPostprocessing = 0;
		};
		7CC256B21D0BBB6B007E1720 /* Resources */ = {
			isa = PBXResourcesBuildPhase;
			buildActionMask = 2147483647;
			files = (
			);
			runOnlyForDeploymentPostprocessing = 0;
		};
		7CC256BD1D0BBB6B007E1720 /* Resources */ = {
			isa = PBXResourcesBuildPhase;
			buildActionMask = 2147483647;
			files = (
			);
			runOnlyForDeploymentPostprocessing = 0;
		};
/* End PBXResourcesBuildPhase section */

/* Begin PBXSourcesBuildPhase section */
		7CC2569C1D0BBB6B007E1720 /* Sources */ = {
			isa = PBXSourcesBuildPhase;
			buildActionMask = 2147483647;
			files = (
				F57582B91D0C2E3E00B7C29A /* LoginViewController.swift in Sources */,
				9CF9720F1D0BF13300BF1D0B /* MissionDetailViewController.swift in Sources */,
				7CC256A61D0BBB6B007E1720 /* ViewController.swift in Sources */,
				F57582AD1D0C215E00B7C29A /* FavoriteCustomCell.swift in Sources */,
				7C761EC51D0C3901006AEA05 /* ResultListLink.swift in Sources */,
				F57582B71D0C2D3C00B7C29A /* UserViewController.swift in Sources */,
				B96DC2C11D0D070A00F4557B /* GroupViewController.swift in Sources */,
				7C761EC31D0C38C5006AEA05 /* ResultListCustomCell.swift in Sources */,
				F57582AF1D0C215E00B7C29A /* Link.swift in Sources */,
				B96DC2BE1D0D06F300F4557B /* GroupListCustomCell.swift in Sources */,
				7C761EBF1D0C385F006AEA05 /* ResultListViewController.swift in Sources */,
				F57582AE1D0C215E00B7C29A /* FavoriteViewController.swift in Sources */,
				F559F9DE1D0BD76900BE1396 /* MenuViewController.swift in Sources */,
				7CC256A41D0BBB6B007E1720 /* AppDelegate.swift in Sources */,
				B96DC2BF1D0D06F300F4557B /* GroupListLink.swift in Sources */,
				9CF9720D1D0BEB3800BF1D0B /* MissionListViewController.swift in Sources */,
				F57582B31D0C2CED00B7C29A /* ResultViewController.swift in Sources */,
			);
			runOnlyForDeploymentPostprocessing = 0;
		};
		7CC256B01D0BBB6B007E1720 /* Sources */ = {
			isa = PBXSourcesBuildPhase;
			buildActionMask = 2147483647;
			files = (
				7CC256B91D0BBB6B007E1720 /* Nakajima_RenaiTests.swift in Sources */,
			);
			runOnlyForDeploymentPostprocessing = 0;
		};
		7CC256BB1D0BBB6B007E1720 /* Sources */ = {
			isa = PBXSourcesBuildPhase;
			buildActionMask = 2147483647;
			files = (
				7CC256C41D0BBB6B007E1720 /* Nakajima_RenaiUITests.swift in Sources */,
			);
			runOnlyForDeploymentPostprocessing = 0;
		};
/* End PBXSourcesBuildPhase section */

/* Begin PBXTargetDependency section */
		7CC256B61D0BBB6B007E1720 /* PBXTargetDependency */ = {
			isa = PBXTargetDependency;
			target = 7CC2569F1D0BBB6B007E1720 /* Nakajima-Renai */;
			targetProxy = 7CC256B51D0BBB6B007E1720 /* PBXContainerItemProxy */;
		};
		7CC256C11D0BBB6B007E1720 /* PBXTargetDependency */ = {
			isa = PBXTargetDependency;
			target = 7CC2569F1D0BBB6B007E1720 /* Nakajima-Renai */;
			targetProxy = 7CC256C01D0BBB6B007E1720 /* PBXContainerItemProxy */;
		};
/* End PBXTargetDependency section */

/* Begin PBXVariantGroup section */
		7CC256A71D0BBB6B007E1720 /* TitleViewController.storyboard */ = {
			isa = PBXVariantGroup;
			children = (
				7CC256A81D0BBB6B007E1720 /* Base */,
			);
			name = TitleViewController.storyboard;
			path = "Nakajima-Renai";
			sourceTree = "<group>";
		};
		7CC256AC1D0BBB6B007E1720 /* LaunchScreen.storyboard */ = {
			isa = PBXVariantGroup;
			children = (
				7CC256AD1D0BBB6B007E1720 /* Base */,
			);
			name = LaunchScreen.storyboard;
			sourceTree = "<group>";
		};
/* End PBXVariantGroup section */

/* Begin XCBuildConfiguration section */
		7CC256C61D0BBB6B007E1720 /* Debug */ = {
			isa = XCBuildConfiguration;
			buildSettings = {
				ALWAYS_SEARCH_USER_PATHS = NO;
				CLANG_CXX_LANGUAGE_STANDARD = "gnu++0x";
				CLANG_CXX_LIBRARY = "libc++";
				CLANG_ENABLE_MODULES = YES;
				CLANG_ENABLE_OBJC_ARC = YES;
				CLANG_WARN_BOOL_CONVERSION = YES;
				CLANG_WARN_CONSTANT_CONVERSION = YES;
				CLANG_WARN_DIRECT_OBJC_ISA_USAGE = YES_ERROR;
				CLANG_WARN_EMPTY_BODY = YES;
				CLANG_WARN_ENUM_CONVERSION = YES;
				CLANG_WARN_INT_CONVERSION = YES;
				CLANG_WARN_OBJC_ROOT_CLASS = YES_ERROR;
				CLANG_WARN_UNREACHABLE_CODE = YES;
				CLANG_WARN__DUPLICATE_METHOD_MATCH = YES;
				"CODE_SIGN_IDENTITY[sdk=iphoneos*]" = "iPhone Developer";
				COPY_PHASE_STRIP = NO;
				DEBUG_INFORMATION_FORMAT = dwarf;
				ENABLE_STRICT_OBJC_MSGSEND = YES;
				ENABLE_TESTABILITY = YES;
				GCC_C_LANGUAGE_STANDARD = gnu99;
				GCC_DYNAMIC_NO_PIC = NO;
				GCC_NO_COMMON_BLOCKS = YES;
				GCC_OPTIMIZATION_LEVEL = 0;
				GCC_PREPROCESSOR_DEFINITIONS = (
					"DEBUG=1",
					"$(inherited)",
				);
				GCC_WARN_64_TO_32_BIT_CONVERSION = YES;
				GCC_WARN_ABOUT_RETURN_TYPE = YES_ERROR;
				GCC_WARN_UNDECLARED_SELECTOR = YES;
				GCC_WARN_UNINITIALIZED_AUTOS = YES_AGGRESSIVE;
				GCC_WARN_UNUSED_FUNCTION = YES;
				GCC_WARN_UNUSED_VARIABLE = YES;
				IPHONEOS_DEPLOYMENT_TARGET = 9.2;
				MTL_ENABLE_DEBUG_INFO = YES;
				ONLY_ACTIVE_ARCH = YES;
				SDKROOT = iphoneos;
				SWIFT_OPTIMIZATION_LEVEL = "-Onone";
			};
			name = Debug;
		};
		7CC256C71D0BBB6B007E1720 /* Release */ = {
			isa = XCBuildConfiguration;
			buildSettings = {
				ALWAYS_SEARCH_USER_PATHS = NO;
				CLANG_CXX_LANGUAGE_STANDARD = "gnu++0x";
				CLANG_CXX_LIBRARY = "libc++";
				CLANG_ENABLE_MODULES = YES;
				CLANG_ENABLE_OBJC_ARC = YES;
				CLANG_WARN_BOOL_CONVERSION = YES;
				CLANG_WARN_CONSTANT_CONVERSION = YES;
				CLANG_WARN_DIRECT_OBJC_ISA_USAGE = YES_ERROR;
				CLANG_WARN_EMPTY_BODY = YES;
				CLANG_WARN_ENUM_CONVERSION = YES;
				CLANG_WARN_INT_CONVERSION = YES;
				CLANG_WARN_OBJC_ROOT_CLASS = YES_ERROR;
				CLANG_WARN_UNREACHABLE_CODE = YES;
				CLANG_WARN__DUPLICATE_METHOD_MATCH = YES;
				"CODE_SIGN_IDENTITY[sdk=iphoneos*]" = "iPhone Developer";
				COPY_PHASE_STRIP = NO;
				DEBUG_INFORMATION_FORMAT = "dwarf-with-dsym";
				ENABLE_NS_ASSERTIONS = NO;
				ENABLE_STRICT_OBJC_MSGSEND = YES;
				GCC_C_LANGUAGE_STANDARD = gnu99;
				GCC_NO_COMMON_BLOCKS = YES;
				GCC_WARN_64_TO_32_BIT_CONVERSION = YES;
				GCC_WARN_ABOUT_RETURN_TYPE = YES_ERROR;
				GCC_WARN_UNDECLARED_SELECTOR = YES;
				GCC_WARN_UNINITIALIZED_AUTOS = YES_AGGRESSIVE;
				GCC_WARN_UNUSED_FUNCTION = YES;
				GCC_WARN_UNUSED_VARIABLE = YES;
				IPHONEOS_DEPLOYMENT_TARGET = 9.2;
				MTL_ENABLE_DEBUG_INFO = NO;
				SDKROOT = iphoneos;
				VALIDATE_PRODUCT = YES;
			};
			name = Release;
		};
		7CC256C91D0BBB6B007E1720 /* Debug */ = {
			isa = XCBuildConfiguration;
			buildSettings = {
				ASSETCATALOG_COMPILER_APPICON_NAME = AppIcon;
				CODE_SIGN_IDENTITY = "iPhone Developer";
				"CODE_SIGN_IDENTITY[sdk=iphoneos*]" = "iPhone Developer";
				INFOPLIST_FILE = "Nakajima-Renai/Info.plist";
				IPHONEOS_DEPLOYMENT_TARGET = 8.2;
				LD_RUNPATH_SEARCH_PATHS = "$(inherited) @executable_path/Frameworks";
				PRODUCT_BUNDLE_IDENTIFIER = "Nakajima-Renai.Nakajima-Renai";
				PRODUCT_NAME = "$(TARGET_NAME)";
				PROVISIONING_PROFILE = "";
			};
			name = Debug;
		};
		7CC256CA1D0BBB6B007E1720 /* Release */ = {
			isa = XCBuildConfiguration;
			buildSettings = {
				ASSETCATALOG_COMPILER_APPICON_NAME = AppIcon;
				CODE_SIGN_IDENTITY = "iPhone Developer";
				"CODE_SIGN_IDENTITY[sdk=iphoneos*]" = "iPhone Developer";
				INFOPLIST_FILE = "Nakajima-Renai/Info.plist";
				IPHONEOS_DEPLOYMENT_TARGET = 8.2;
				LD_RUNPATH_SEARCH_PATHS = "$(inherited) @executable_path/Frameworks";
				PRODUCT_BUNDLE_IDENTIFIER = "Nakajima-Renai.Nakajima-Renai";
				PRODUCT_NAME = "$(TARGET_NAME)";
				PROVISIONING_PROFILE = "";
			};
			name = Release;
		};
		7CC256CC1D0BBB6B007E1720 /* Debug */ = {
			isa = XCBuildConfiguration;
			buildSettings = {
				BUNDLE_LOADER = "$(TEST_HOST)";
				INFOPLIST_FILE = "Nakajima-RenaiTests/Info.plist";
				LD_RUNPATH_SEARCH_PATHS = "$(inherited) @executable_path/Frameworks @loader_path/Frameworks";
				PRODUCT_BUNDLE_IDENTIFIER = "Nakajima-Renai.Nakajima-RenaiTests";
				PRODUCT_NAME = "$(TARGET_NAME)";
				TEST_HOST = "$(BUILT_PRODUCTS_DIR)/Nakajima-Renai.app/Nakajima-Renai";
			};
			name = Debug;
		};
		7CC256CD1D0BBB6B007E1720 /* Release */ = {
			isa = XCBuildConfiguration;
			buildSettings = {
				BUNDLE_LOADER = "$(TEST_HOST)";
				INFOPLIST_FILE = "Nakajima-RenaiTests/Info.plist";
				LD_RUNPATH_SEARCH_PATHS = "$(inherited) @executable_path/Frameworks @loader_path/Frameworks";
				PRODUCT_BUNDLE_IDENTIFIER = "Nakajima-Renai.Nakajima-RenaiTests";
				PRODUCT_NAME = "$(TARGET_NAME)";
				TEST_HOST = "$(BUILT_PRODUCTS_DIR)/Nakajima-Renai.app/Nakajima-Renai";
			};
			name = Release;
		};
		7CC256CF1D0BBB6B007E1720 /* Debug */ = {
			isa = XCBuildConfiguration;
			buildSettings = {
				INFOPLIST_FILE = "Nakajima-RenaiUITests/Info.plist";
				LD_RUNPATH_SEARCH_PATHS = "$(inherited) @executable_path/Frameworks @loader_path/Frameworks";
				PRODUCT_BUNDLE_IDENTIFIER = "Nakajima-Renai.Nakajima-RenaiUITests";
				PRODUCT_NAME = "$(TARGET_NAME)";
				TEST_TARGET_NAME = "Nakajima-Renai";
				USES_XCTRUNNER = YES;
			};
			name = Debug;
		};
		7CC256D01D0BBB6B007E1720 /* Release */ = {
			isa = XCBuildConfiguration;
			buildSettings = {
				INFOPLIST_FILE = "Nakajima-RenaiUITests/Info.plist";
				LD_RUNPATH_SEARCH_PATHS = "$(inherited) @executable_path/Frameworks @loader_path/Frameworks";
				PRODUCT_BUNDLE_IDENTIFIER = "Nakajima-Renai.Nakajima-RenaiUITests";
				PRODUCT_NAME = "$(TARGET_NAME)";
				TEST_TARGET_NAME = "Nakajima-Renai";
				USES_XCTRUNNER = YES;
			};
			name = Release;
		};
/* End XCBuildConfiguration section */

/* Begin XCConfigurationList section */
		7CC2569B1D0BBB6B007E1720 /* Build configuration list for PBXProject "Nakajima-Renai" */ = {
			isa = XCConfigurationList;
			buildConfigurations = (
				7CC256C61D0BBB6B007E1720 /* Debug */,
				7CC256C71D0BBB6B007E1720 /* Release */,
			);
			defaultConfigurationIsVisible = 0;
			defaultConfigurationName = Release;
		};
		7CC256C81D0BBB6B007E1720 /* Build configuration list for PBXNativeTarget "Nakajima-Renai" */ = {
			isa = XCConfigurationList;
			buildConfigurations = (
				7CC256C91D0BBB6B007E1720 /* Debug */,
				7CC256CA1D0BBB6B007E1720 /* Release */,
			);
			defaultConfigurationIsVisible = 0;
			defaultConfigurationName = Release;
		};
		7CC256CB1D0BBB6B007E1720 /* Build configuration list for PBXNativeTarget "Nakajima-RenaiTests" */ = {
			isa = XCConfigurationList;
			buildConfigurations = (
				7CC256CC1D0BBB6B007E1720 /* Debug */,
				7CC256CD1D0BBB6B007E1720 /* Release */,
			);
			defaultConfigurationIsVisible = 0;
			defaultConfigurationName = Release;
		};
		7CC256CE1D0BBB6B007E1720 /* Build configuration list for PBXNativeTarget "Nakajima-RenaiUITests" */ = {
			isa = XCConfigurationList;
			buildConfigurations = (
				7CC256CF1D0BBB6B007E1720 /* Debug */,
				7CC256D01D0BBB6B007E1720 /* Release */,
			);
			defaultConfigurationIsVisible = 0;
			defaultConfigurationName = Release;
		};
/* End XCConfigurationList section */
	};
	rootObject = 7CC256981D0BBB6B007E1720 /* Project object */;
}
